
Microsoft Visual Studio Solution File, Format Version 12.00
# Visual Studio Version 16
VisualStudioVersion = 16.0.29001.49
MinimumVisualStudioVersion = 10.0.40219.1
Project("{9A19103F-16F7-4668-BE54-9A1E7A4F7556}") = "RockLib.HealthChecks", "RockLib.HealthChecks\RockLib.HealthChecks.csproj", "{9A19103F-16F7-4668-BE54-9A1E7A4F7556}"
EndProject
Project("{9A19103F-16F7-4668-BE54-9A1E7A4F7556}") = "RockLib.HealthChecks.Tests", "Tests\RockLib.HealthChecks.Tests\RockLib.HealthChecks.Tests.csproj", "{FAE04EC0-301F-11D3-BF4B-00C04F79EFBC}"
EndProject
Project("{9A19103F-16F7-4668-BE54-9A1E7A4F7556}") = "RockLib.HealthChecks.HttpModule", "RockLib.HealthChecks.HttpModule\RockLib.HealthChecks.HttpModule.csproj", "{482209AA-CA19-40B1-9D32-083CC50C2B88}"
EndProject
Project("{9A19103F-16F7-4668-BE54-9A1E7A4F7556}") = "RockLib.HealthChecks.AspNetCore", "RockLib.HealthChecks.AspNetCore\RockLib.HealthChecks.AspNetCore.csproj", "{2374AEAA-E75B-4C25-9CC0-54E214D1F772}"
EndProject
Project("{2150E333-8FDC-42A3-9474-1A3956D46DE8}") = "Examples", "Examples", "{077997E9-BD03-4F84-8B84-9047B35C1004}"
EndProject
Project("{9A19103F-16F7-4668-BE54-9A1E7A4F7556}") = "RockLib.HealthChecks.WebApi", "RockLib.HealthChecks.WebApi\RockLib.HealthChecks.WebApi.csproj", "{F15F51A3-5159-4FE6-99C2-010CE5765EAA}"
EndProject
Project("{9A19103F-16F7-4668-BE54-9A1E7A4F7556}") = "RockLib.HealthChecks.AspNetCore.ResponseWriter", "RockLib.HealthChecks.AspNetCore.ResponseWriter\RockLib.HealthChecks.AspNetCore.ResponseWriter.csproj", "{84643E2D-F162-42B2-AF96-B2D8B9844C8A}"
EndProject
Project("{9A19103F-16F7-4668-BE54-9A1E7A4F7556}") = "ResponseWriter.netcoreapp2.2", "Examples\ResponseWriter.netcoreapp2.2\ResponseWriter.netcoreapp2.2.csproj", "{5C605777-0F04-454F-8A93-615146EE6EB2}"
EndProject
Project("{FAE04EC0-301F-11D3-BF4B-00C04F79EFBC}") = "WebApi.net45", "Examples\WebApi.net45\WebApi.net45.csproj", "{8D36E038-337F-4EBD-8B05-87C04BF8CBC0}"
EndProject
Project("{FAE04EC0-301F-11D3-BF4B-00C04F79EFBC}") = "HttpModule.net45", "Examples\HttpModule.net45\HttpModule.net45.csproj", "{3A117C2C-A6EB-41E7-BBAC-83DCC4431D03}"
EndProject
Project("{FAE04EC0-301F-11D3-BF4B-00C04F79EFBC}") = "WebForms.net45", "Examples\WebForms.net45\WebForms.net45.csproj", "{E24877F8-6793-4411-9B90-711E57C35719}"
EndProject
Project("{9A19103F-16F7-4668-BE54-9A1E7A4F7556}") = "Mvc.netcoreapp2.2", "Examples\Mvc.netcoreapp2.2\Mvc.netcoreapp2.2.csproj", "{4B767F60-0A55-4C43-B59F-F8D1EC17817E}"
EndProject
Project("{FAE04EC0-301F-11D3-BF4B-00C04F79EFBC}") = "Mvc.net47", "Examples\Mvc.net47\Mvc.net47.csproj", "{3E505D4D-1C8D-4F85-B8B0-4C2DDC11C9A0}"
EndProject
Project("{2150E333-8FDC-42A3-9474-1A3956D46DE8}") = "Tests", "Tests", "{EDD461DF-0B21-43ED-B082-C4F3698D284B}"
EndProject
Project("{9A19103F-16F7-4668-BE54-9A1E7A4F7556}") = "RockLib.HealthChecks.Client", "RockLib.HealthChecks.Client\RockLib.HealthChecks.Client.csproj", "{2868E92B-CC2B-4D4A-B62D-B324A8E484C0}"
EndProject
Project("{9A19103F-16F7-4668-BE54-9A1E7A4F7556}") = "RockLib.HealthChecks.Client.Tests", "Tests\RockLib.HealthChecks.Client.Tests\RockLib.HealthChecks.Client.Tests.csproj", "{0E738824-8F16-4102-9876-9FC528F25240}"
EndProject
Project("{9A19103F-16F7-4668-BE54-9A1E7A4F7556}") = "RockLib.HealthChecks.AspNetCore.ResponseWriter.Tests", "Tests\RockLib.HealthChecks.AspNetCore.ResponseWriter.Tests\RockLib.HealthChecks.AspNetCore.ResponseWriter.Tests.csproj", "{13F497C9-6BCC-4F41-85F7-8B9FD70047F8}"
EndProject
Project("{9A19103F-16F7-4668-BE54-9A1E7A4F7556}") = "Example.HealthChecks.AspNetCore", "Examples\Example.HealthChecks.AspNetCore\Example.HealthChecks.AspNetCore.csproj", "{727B6914-AAED-4B74-BE69-B4294E2468FE}"
EndProject
Project("{2150E333-8FDC-42A3-9474-1A3956D46DE8}") = "docs", "docs", "{2ED8388C-93F4-4883-BFD8-6C54AF84BB3A}"
	ProjectSection(SolutionItems) = preProject
		docs\AspNetCore.md = docs\AspNetCore.md
		docs\ConfigureAppSettings.md = docs\ConfigureAppSettings.md
		docs\ConfigureNet451AndAbove.md = docs\ConfigureNet451AndAbove.md
		docs\ConfigureNet45AndBelow.md = docs\ConfigureNet45AndBelow.md
		docs\CustomHealthCheck.md = docs\CustomHealthCheck.md
		docs\DiskDriveHealthCheck.md = docs\DiskDriveHealthCheck.md
		docs\GettingStarted.md = docs\GettingStarted.md
		docs\HttpModule.md = docs\HttpModule.md
		docs\InstantiateRunner.md = docs\InstantiateRunner.md
		docs\ManualHealthChecks.md = docs\ManualHealthChecks.md
		docs\ProcessUptimeHealthCheck.md = docs\ProcessUptimeHealthCheck.md
		README.md = README.md
		docs\ResponseWriter.md = docs\ResponseWriter.md
		docs\SystemUptimeHealthCheck.md = docs\SystemUptimeHealthCheck.md
		docs\WebApi.md = docs\WebApi.md
	EndProjectSection
EndProject
Global
	GlobalSection(SolutionConfigurationPlatforms) = preSolution
		Debug|Any CPU = Debug|Any CPU
		Release|Any CPU = Release|Any CPU
	EndGlobalSection
	GlobalSection(ProjectConfigurationPlatforms) = postSolution
		{9A19103F-16F7-4668-BE54-9A1E7A4F7556}.Debug|Any CPU.ActiveCfg = Debug|Any CPU
		{9A19103F-16F7-4668-BE54-9A1E7A4F7556}.Debug|Any CPU.Build.0 = Debug|Any CPU
		{9A19103F-16F7-4668-BE54-9A1E7A4F7556}.Release|Any CPU.ActiveCfg = Release|Any CPU
		{9A19103F-16F7-4668-BE54-9A1E7A4F7556}.Release|Any CPU.Build.0 = Release|Any CPU
		{FAE04EC0-301F-11D3-BF4B-00C04F79EFBC}.Debug|Any CPU.ActiveCfg = Debug|Any CPU
		{FAE04EC0-301F-11D3-BF4B-00C04F79EFBC}.Debug|Any CPU.Build.0 = Debug|Any CPU
		{FAE04EC0-301F-11D3-BF4B-00C04F79EFBC}.Release|Any CPU.ActiveCfg = Release|Any CPU
		{FAE04EC0-301F-11D3-BF4B-00C04F79EFBC}.Release|Any CPU.Build.0 = Release|Any CPU
		{482209AA-CA19-40B1-9D32-083CC50C2B88}.Debug|Any CPU.ActiveCfg = Debug|Any CPU
		{482209AA-CA19-40B1-9D32-083CC50C2B88}.Debug|Any CPU.Build.0 = Debug|Any CPU
		{482209AA-CA19-40B1-9D32-083CC50C2B88}.Release|Any CPU.ActiveCfg = Release|Any CPU
		{482209AA-CA19-40B1-9D32-083CC50C2B88}.Release|Any CPU.Build.0 = Release|Any CPU
		{2374AEAA-E75B-4C25-9CC0-54E214D1F772}.Debug|Any CPU.ActiveCfg = Debug|Any CPU
		{2374AEAA-E75B-4C25-9CC0-54E214D1F772}.Debug|Any CPU.Build.0 = Debug|Any CPU
		{2374AEAA-E75B-4C25-9CC0-54E214D1F772}.Release|Any CPU.ActiveCfg = Release|Any CPU
		{2374AEAA-E75B-4C25-9CC0-54E214D1F772}.Release|Any CPU.Build.0 = Release|Any CPU
		{F15F51A3-5159-4FE6-99C2-010CE5765EAA}.Debug|Any CPU.ActiveCfg = Debug|Any CPU
		{F15F51A3-5159-4FE6-99C2-010CE5765EAA}.Debug|Any CPU.Build.0 = Debug|Any CPU
		{F15F51A3-5159-4FE6-99C2-010CE5765EAA}.Release|Any CPU.ActiveCfg = Release|Any CPU
		{F15F51A3-5159-4FE6-99C2-010CE5765EAA}.Release|Any CPU.Build.0 = Release|Any CPU
		{84643E2D-F162-42B2-AF96-B2D8B9844C8A}.Debug|Any CPU.ActiveCfg = Debug|Any CPU
		{84643E2D-F162-42B2-AF96-B2D8B9844C8A}.Debug|Any CPU.Build.0 = Debug|Any CPU
		{84643E2D-F162-42B2-AF96-B2D8B9844C8A}.Release|Any CPU.ActiveCfg = Release|Any CPU
		{84643E2D-F162-42B2-AF96-B2D8B9844C8A}.Release|Any CPU.Build.0 = Release|Any CPU
		{5C605777-0F04-454F-8A93-615146EE6EB2}.Debug|Any CPU.ActiveCfg = Debug|Any CPU
		{5C605777-0F04-454F-8A93-615146EE6EB2}.Debug|Any CPU.Build.0 = Debug|Any CPU
		{5C605777-0F04-454F-8A93-615146EE6EB2}.Release|Any CPU.ActiveCfg = Release|Any CPU
		{5C605777-0F04-454F-8A93-615146EE6EB2}.Release|Any CPU.Build.0 = Release|Any CPU
		{8D36E038-337F-4EBD-8B05-87C04BF8CBC0}.Debug|Any CPU.ActiveCfg = Debug|Any CPU
		{8D36E038-337F-4EBD-8B05-87C04BF8CBC0}.Debug|Any CPU.Build.0 = Debug|Any CPU
		{8D36E038-337F-4EBD-8B05-87C04BF8CBC0}.Release|Any CPU.ActiveCfg = Release|Any CPU
		{8D36E038-337F-4EBD-8B05-87C04BF8CBC0}.Release|Any CPU.Build.0 = Release|Any CPU
		{3A117C2C-A6EB-41E7-BBAC-83DCC4431D03}.Debug|Any CPU.ActiveCfg = Debug|Any CPU
		{3A117C2C-A6EB-41E7-BBAC-83DCC4431D03}.Debug|Any CPU.Build.0 = Debug|Any CPU
		{3A117C2C-A6EB-41E7-BBAC-83DCC4431D03}.Release|Any CPU.ActiveCfg = Release|Any CPU
		{3A117C2C-A6EB-41E7-BBAC-83DCC4431D03}.Release|Any CPU.Build.0 = Release|Any CPU
		{E24877F8-6793-4411-9B90-711E57C35719}.Debug|Any CPU.ActiveCfg = Debug|Any CPU
		{E24877F8-6793-4411-9B90-711E57C35719}.Debug|Any CPU.Build.0 = Debug|Any CPU
		{E24877F8-6793-4411-9B90-711E57C35719}.Release|Any CPU.ActiveCfg = Release|Any CPU
		{E24877F8-6793-4411-9B90-711E57C35719}.Release|Any CPU.Build.0 = Release|Any CPU
		{4B767F60-0A55-4C43-B59F-F8D1EC17817E}.Debug|Any CPU.ActiveCfg = Debug|Any CPU
		{4B767F60-0A55-4C43-B59F-F8D1EC17817E}.Debug|Any CPU.Build.0 = Debug|Any CPU
		{4B767F60-0A55-4C43-B59F-F8D1EC17817E}.Release|Any CPU.ActiveCfg = Release|Any CPU
		{4B767F60-0A55-4C43-B59F-F8D1EC17817E}.Release|Any CPU.Build.0 = Release|Any CPU
		{3E505D4D-1C8D-4F85-B8B0-4C2DDC11C9A0}.Debug|Any CPU.ActiveCfg = Debug|Any CPU
		{3E505D4D-1C8D-4F85-B8B0-4C2DDC11C9A0}.Debug|Any CPU.Build.0 = Debug|Any CPU
		{3E505D4D-1C8D-4F85-B8B0-4C2DDC11C9A0}.Release|Any CPU.ActiveCfg = Release|Any CPU
		{3E505D4D-1C8D-4F85-B8B0-4C2DDC11C9A0}.Release|Any CPU.Build.0 = Release|Any CPU
		{2868E92B-CC2B-4D4A-B62D-B324A8E484C0}.Debug|Any CPU.ActiveCfg = Debug|Any CPU
		{2868E92B-CC2B-4D4A-B62D-B324A8E484C0}.Debug|Any CPU.Build.0 = Debug|Any CPU
		{2868E92B-CC2B-4D4A-B62D-B324A8E484C0}.Release|Any CPU.ActiveCfg = Release|Any CPU
		{2868E92B-CC2B-4D4A-B62D-B324A8E484C0}.Release|Any CPU.Build.0 = Release|Any CPU
		{0E738824-8F16-4102-9876-9FC528F25240}.Debug|Any CPU.ActiveCfg = Debug|Any CPU
		{0E738824-8F16-4102-9876-9FC528F25240}.Debug|Any CPU.Build.0 = Debug|Any CPU
		{0E738824-8F16-4102-9876-9FC528F25240}.Release|Any CPU.ActiveCfg = Release|Any CPU
		{0E738824-8F16-4102-9876-9FC528F25240}.Release|Any CPU.Build.0 = Release|Any CPU
		{13F497C9-6BCC-4F41-85F7-8B9FD70047F8}.Debug|Any CPU.ActiveCfg = Debug|Any CPU
		{13F497C9-6BCC-4F41-85F7-8B9FD70047F8}.Debug|Any CPU.Build.0 = Debug|Any CPU
		{13F497C9-6BCC-4F41-85F7-8B9FD70047F8}.Release|Any CPU.ActiveCfg = Release|Any CPU
		{13F497C9-6BCC-4F41-85F7-8B9FD70047F8}.Release|Any CPU.Build.0 = Release|Any CPU
		{727B6914-AAED-4B74-BE69-B4294E2468FE}.Debug|Any CPU.ActiveCfg = Debug|Any CPU
		{727B6914-AAED-4B74-BE69-B4294E2468FE}.Debug|Any CPU.Build.0 = Debug|Any CPU
		{727B6914-AAED-4B74-BE69-B4294E2468FE}.Release|Any CPU.ActiveCfg = Release|Any CPU
		{727B6914-AAED-4B74-BE69-B4294E2468FE}.Release|Any CPU.Build.0 = Release|Any CPU
	EndGlobalSection
	GlobalSection(SolutionProperties) = preSolution
		HideSolutionNode = FALSE
	EndGlobalSection
	GlobalSection(NestedProjects) = preSolution
		{FAE04EC0-301F-11D3-BF4B-00C04F79EFBC} = {EDD461DF-0B21-43ED-B082-C4F3698D284B}
		{5C605777-0F04-454F-8A93-615146EE6EB2} = {077997E9-BD03-4F84-8B84-9047B35C1004}
		{8D36E038-337F-4EBD-8B05-87C04BF8CBC0} = {077997E9-BD03-4F84-8B84-9047B35C1004}
		{3A117C2C-A6EB-41E7-BBAC-83DCC4431D03} = {077997E9-BD03-4F84-8B84-9047B35C1004}
		{E24877F8-6793-4411-9B90-711E57C35719} = {077997E9-BD03-4F84-8B84-9047B35C1004}
		{4B767F60-0A55-4C43-B59F-F8D1EC17817E} = {077997E9-BD03-4F84-8B84-9047B35C1004}
		{3E505D4D-1C8D-4F85-B8B0-4C2DDC11C9A0} = {077997E9-BD03-4F84-8B84-9047B35C1004}
		{0E738824-8F16-4102-9876-9FC528F25240} = {EDD461DF-0B21-43ED-B082-C4F3698D284B}
		{13F497C9-6BCC-4F41-85F7-8B9FD70047F8} = {EDD461DF-0B21-43ED-B082-C4F3698D284B}
		{727B6914-AAED-4B74-BE69-B4294E2468FE} = {077997E9-BD03-4F84-8B84-9047B35C1004}
	EndGlobalSection
	GlobalSection(ExtensibilityGlobals) = postSolution
		SolutionGuid = {9BD2137B-45A2-4572-9151-93471F4F7CC9}
	EndGlobalSection
EndGlobal
