
Microsoft Visual Studio Solution File, Format Version 12.00
# Visual Studio Version 17
VisualStudioVersion = 17.4.33110.190
MinimumVisualStudioVersion = 10.0.40219.1
Project("{9A19103F-16F7-4668-BE54-9A1E7A4F7556}") = "RockLib.HealthChecks.WebApi", "RockLib.HealthChecks.WebApi.csproj", "{2374AEAA-E75B-4C25-9CC0-54E214D1F772}"
EndProject
Project("{9A19103F-16F7-4668-BE54-9A1E7A4F7556}") = "RockLib.HealthChecks.WebApi.Tests", "..\Tests\RockLib.HealthChecks.WebApi.Tests\RockLib.HealthChecks.WebApi.Tests.csproj", "{C795F3E4-A4AF-46EE-8FB4-17C677F865B6}"
EndProject
Global
	GlobalSection(SolutionConfigurationPlatforms) = preSolution
		Debug|Any CPU = Debug|Any CPU
		Release|Any CPU = Release|Any CPU
	EndGlobalSection
	GlobalSection(ProjectConfigurationPlatforms) = postSolution
		{2374AEAA-E75B-4C25-9CC0-54E214D1F772}.Debug|Any CPU.ActiveCfg = Debug|Any CPU
		{2374AEAA-E75B-4C25-9CC0-54E214D1F772}.Debug|Any CPU.Build.0 = Debug|Any CPU
		{2374AEAA-E75B-4C25-9CC0-54E214D1F772}.Release|Any CPU.ActiveCfg = Release|Any CPU
		{2374AEAA-E75B-4C25-9CC0-54E214D1F772}.Release|Any CPU.Build.0 = Release|Any CPU
		{C795F3E4-A4AF-46EE-8FB4-17C677F865B6}.Debug|Any CPU.ActiveCfg = Debug|Any CPU
		{C795F3E4-A4AF-46EE-8FB4-17C677F865B6}.Debug|Any CPU.Build.0 = Debug|Any CPU
		{C795F3E4-A4AF-46EE-8FB4-17C677F865B6}.Release|Any CPU.ActiveCfg = Release|Any CPU
		{C795F3E4-A4AF-46EE-8FB4-17C677F865B6}.Release|Any CPU.Build.0 = Release|Any CPU
	EndGlobalSection
	GlobalSection(SolutionProperties) = preSolution
		HideSolutionNode = FALSE
	EndGlobalSection
	GlobalSection(ExtensibilityGlobals) = postSolution
		SolutionGuid = {9BD2137B-45A2-4572-9151-93471F4F7CC9}
	EndGlobalSection
EndGlobal
